
Microsoft Visual Studio Solution File, Format Version 12.00
# Visual Studio Version 17
VisualStudioVersion = 17.14.36414.22 d17.14
MinimumVisualStudioVersion = 10.0.40219.1
Project("{FAE04EC0-301F-11D3-BF4B-00C04F79EFBC}") = "MainApp", "src\MainApp\MainApp.csproj", "{D7E75E05-FEC3-4ED2-89AC-6D7F13CB9711}"
EndProject
Project("{FAE04EC0-301F-11D3-BF4B-00C04F79EFBC}") = "ChildProcess", "src\ChildProcess\ChildProcess.csproj", "{2DF82A88-696D-4869-A403-E7BA1057DBFC}"
EndProject
Project("{FAE04EC0-301F-11D3-BF4B-00C04F79EFBC}") = "MainApp.Tests", "src\MainApp.Tests\MainApp.Tests.csproj", "{45FDBE86-3780-4FF4-9094-5C7970657D86}"
EndProject
Global
	GlobalSection(SolutionConfigurationPlatforms) = preSolution
		Debug|Any CPU = Debug|Any CPU
		Release|Any CPU = Release|Any CPU
	EndGlobalSection
	GlobalSection(ProjectConfigurationPlatforms) = postSolution
		{D7E75E05-FEC3-4ED2-89AC-6D7F13CB9711}.Debug|Any CPU.ActiveCfg = Debug|Any CPU
		{D7E75E05-FEC3-4ED2-89AC-6D7F13CB9711}.Debug|Any CPU.Build.0 = Debug|Any CPU
		{D7E75E05-FEC3-4ED2-89AC-6D7F13CB9711}.Release|Any CPU.ActiveCfg = Release|Any CPU
		{D7E75E05-FEC3-4ED2-89AC-6D7F13CB9711}.Release|Any CPU.Build.0 = Release|Any CPU
		{2DF82A88-696D-4869-A403-E7BA1057DBFC}.Debug|Any CPU.ActiveCfg = Debug|Any CPU
		{2DF82A88-696D-4869-A403-E7BA1057DBFC}.Debug|Any CPU.Build.0 = Debug|Any CPU
		{2DF82A88-696D-4869-A403-E7BA1057DBFC}.Release|Any CPU.ActiveCfg = Release|Any CPU
		{2DF82A88-696D-4869-A403-E7BA1057DBFC}.Release|Any CPU.Build.0 = Release|Any CPU
		{45FDBE86-3780-4FF4-9094-5C7970657D86}.Debug|Any CPU.ActiveCfg = Debug|Any CPU
		{45FDBE86-3780-4FF4-9094-5C7970657D86}.Debug|Any CPU.Build.0 = Debug|Any CPU
		{45FDBE86-3780-4FF4-9094-5C7970657D86}.Release|Any CPU.ActiveCfg = Release|Any CPU
		{45FDBE86-3780-4FF4-9094-5C7970657D86}.Release|Any CPU.Build.0 = Release|Any CPU
	EndGlobalSection
	GlobalSection(SolutionProperties) = preSolution
		HideSolutionNode = FALSE
	EndGlobalSection
	GlobalSection(ExtensibilityGlobals) = postSolution
		SolutionGuid = {C578A666-0550-469C-8013-6B7FBC5C83F2}
	EndGlobalSection
EndGlobal
